
Microsoft Visual Studio Solution File, Format Version 12.00
# Visual Studio Version 16
VisualStudioVersion = 16.0.29806.167
MinimumVisualStudioVersion = 10.0.40219.1
Project("{2150E333-8FDC-42A3-9474-1A3956D46DE8}") = "Domain", "Domain", "{BFEB48D8-5D25-4680-8FB3-B1BDB41C4DC5}"
EndProject
Project("{2150E333-8FDC-42A3-9474-1A3956D46DE8}") = "Microservices", "Microservices", "{02DCCB1A-FE4A-4C5A-96F6-0FF6C4068002}"
EndProject
Project("{2150E333-8FDC-42A3-9474-1A3956D46DE8}") = "Presentation", "Presentation", "{EEB37553-3473-4496-9FF9-EF4CD2C09103}"
EndProject
Project("{2150E333-8FDC-42A3-9474-1A3956D46DE8}") = "Infra.Ioc", "Infra.Ioc", "{E2765FEF-14D7-4454-9BCF-3B6F231E19AA}"
EndProject
Project("{2150E333-8FDC-42A3-9474-1A3956D46DE8}") = "Infra.Bus", "Infra.Bus", "{6D044C1B-4340-4E0C-A244-C8462BB33225}"
EndProject
Project("{9A19103F-16F7-4668-BE54-9A1E7A4F7556}") = "MicroRabbitMQ.Domain.Core", "MicroRabbitMQ.Domain.Core\MicroRabbitMQ.Domain.Core.csproj", "{EE239F70-F13C-4E1C-8265-CE9D1B28D0DB}"
EndProject
Project("{9A19103F-16F7-4668-BE54-9A1E7A4F7556}") = "MicroRabbitMQ.Infra.Bus", "MicroRabbitMQ.Infra.Bus\MicroRabbitMQ.Infra.Bus.csproj", "{10C48351-748A-48A9-848B-0068FC6092EF}"
EndProject
Project("{9A19103F-16F7-4668-BE54-9A1E7A4F7556}") = "MicroRabbitMQ.Infra.IoC", "MicroRabbitMQ.Infra.IoC\MicroRabbitMQ.Infra.IoC.csproj", "{BDF98133-F0BE-461C-9C60-16818ABAE6DB}"
EndProject
Project("{2150E333-8FDC-42A3-9474-1A3956D46DE8}") = "Banking", "Banking", "{E3D4B88A-1FA0-49F5-B825-E125211A9DD0}"
EndProject
Project("{2150E333-8FDC-42A3-9474-1A3956D46DE8}") = "Domain", "Domain", "{E4478C13-2860-4BDF-8B00-8AA5515B38CF}"
EndProject
Project("{2150E333-8FDC-42A3-9474-1A3956D46DE8}") = "Data", "Data", "{9F3D5F82-7FCA-4583-927C-6AE1AD8D8424}"
EndProject
Project("{2150E333-8FDC-42A3-9474-1A3956D46DE8}") = "Api", "Api", "{8B45510F-0CAA-49B9-8F6D-3A406063B89E}"
EndProject
Project("{2150E333-8FDC-42A3-9474-1A3956D46DE8}") = "Application", "Application", "{BEF85B86-F929-4944-BDFD-3C51D6640419}"
EndProject
Project("{9A19103F-16F7-4668-BE54-9A1E7A4F7556}") = "MicroRabbitMQ.Banking.Api", "MicroRabbitMQ.Banking.Api\MicroRabbitMQ.Banking.Api.csproj", "{65060E7D-083A-4C88-8AB8-EA7AB35AB78F}"
EndProject
Project("{9A19103F-16F7-4668-BE54-9A1E7A4F7556}") = "MicroRabbitMQ.Banking.Application", "MicroRabbitMQ.Banking.Application\MicroRabbitMQ.Banking.Application.csproj", "{725E4961-E336-410B-9C5E-F054A453F141}"
EndProject
Project("{9A19103F-16F7-4668-BE54-9A1E7A4F7556}") = "MicroRabbitMQ.Banking.Data", "MicroRabbitMQ.Banking.Data\MicroRabbitMQ.Banking.Data.csproj", "{40F973BB-28E2-426C-85D1-7E29E30969D7}"
EndProject
Project("{9A19103F-16F7-4668-BE54-9A1E7A4F7556}") = "MicroRabbitMQ.Banking.Domain", "MicroRabbitMQ.Banking.Domain\MicroRabbitMQ.Banking.Domain.csproj", "{FDA769D2-B73C-46D9-9316-6E71EECE87E3}"
EndProject
Project("{2150E333-8FDC-42A3-9474-1A3956D46DE8}") = "Transfer", "Transfer", "{5B443E3A-A08B-4B1F-80BF-2AF12B232BF2}"
EndProject
Project("{2150E333-8FDC-42A3-9474-1A3956D46DE8}") = "Api", "Api", "{1246E2BE-C88E-456E-8A06-DF94B2FFA395}"
EndProject
Project("{2150E333-8FDC-42A3-9474-1A3956D46DE8}") = "Application", "Application", "{ED0F5707-5D2C-4217-9B6B-71EB65541EF8}"
EndProject
Project("{2150E333-8FDC-42A3-9474-1A3956D46DE8}") = "Data", "Data", "{3E4E47BD-14E8-4685-95C1-7DE97D55A18D}"
EndProject
Project("{2150E333-8FDC-42A3-9474-1A3956D46DE8}") = "Domain", "Domain", "{C81089AD-6479-4FD6-9FB6-2F80E2D504EB}"
EndProject
Project("{FAE04EC0-301F-11D3-BF4B-00C04F79EFBC}") = "MicroRabbitMQ.Transfer.Api", "MicroRabbitMQ.Transfer.Api\MicroRabbitMQ.Transfer.Api.csproj", "{17C47FDA-7F58-4472-8B68-CE06EC5411B0}"
EndProject
Project("{FAE04EC0-301F-11D3-BF4B-00C04F79EFBC}") = "MicroRabbitMQ.Transfer.Application", "MicroRabbitMQ.Transfer.Application\MicroRabbitMQ.Transfer.Application.csproj", "{7A6DDF6E-88AB-4271-BC20-D4EE346A275E}"
EndProject
Project("{FAE04EC0-301F-11D3-BF4B-00C04F79EFBC}") = "MicroRabbitMQ.Transfer.Data", "MicroRabbitMQ.Transfer.Data\MicroRabbitMQ.Transfer.Data.csproj", "{99B10CBD-D706-48F3-A036-269E8B715D9E}"
EndProject
Project("{FAE04EC0-301F-11D3-BF4B-00C04F79EFBC}") = "MicroRabbitMQ.Transfer.Domain", "MicroRabbitMQ.Transfer.Domain\MicroRabbitMQ.Transfer.Domain.csproj", "{D2333EF2-2F46-4E5A-BEF3-C0EB9FA60A41}"
EndProject
Global
	GlobalSection(SolutionConfigurationPlatforms) = preSolution
		Debug|Any CPU = Debug|Any CPU
		Release|Any CPU = Release|Any CPU
	EndGlobalSection
	GlobalSection(ProjectConfigurationPlatforms) = postSolution
		{EE239F70-F13C-4E1C-8265-CE9D1B28D0DB}.Debug|Any CPU.ActiveCfg = Debug|Any CPU
		{EE239F70-F13C-4E1C-8265-CE9D1B28D0DB}.Debug|Any CPU.Build.0 = Debug|Any CPU
		{EE239F70-F13C-4E1C-8265-CE9D1B28D0DB}.Release|Any CPU.ActiveCfg = Release|Any CPU
		{EE239F70-F13C-4E1C-8265-CE9D1B28D0DB}.Release|Any CPU.Build.0 = Release|Any CPU
		{10C48351-748A-48A9-848B-0068FC6092EF}.Debug|Any CPU.ActiveCfg = Debug|Any CPU
		{10C48351-748A-48A9-848B-0068FC6092EF}.Debug|Any CPU.Build.0 = Debug|Any CPU
		{10C48351-748A-48A9-848B-0068FC6092EF}.Release|Any CPU.ActiveCfg = Release|Any CPU
		{10C48351-748A-48A9-848B-0068FC6092EF}.Release|Any CPU.Build.0 = Release|Any CPU
		{BDF98133-F0BE-461C-9C60-16818ABAE6DB}.Debug|Any CPU.ActiveCfg = Debug|Any CPU
		{BDF98133-F0BE-461C-9C60-16818ABAE6DB}.Debug|Any CPU.Build.0 = Debug|Any CPU
		{BDF98133-F0BE-461C-9C60-16818ABAE6DB}.Release|Any CPU.ActiveCfg = Release|Any CPU
		{BDF98133-F0BE-461C-9C60-16818ABAE6DB}.Release|Any CPU.Build.0 = Release|Any CPU
		{65060E7D-083A-4C88-8AB8-EA7AB35AB78F}.Debug|Any CPU.ActiveCfg = Debug|Any CPU
		{65060E7D-083A-4C88-8AB8-EA7AB35AB78F}.Debug|Any CPU.Build.0 = Debug|Any CPU
		{65060E7D-083A-4C88-8AB8-EA7AB35AB78F}.Release|Any CPU.ActiveCfg = Release|Any CPU
		{65060E7D-083A-4C88-8AB8-EA7AB35AB78F}.Release|Any CPU.Build.0 = Release|Any CPU
		{725E4961-E336-410B-9C5E-F054A453F141}.Debug|Any CPU.ActiveCfg = Debug|Any CPU
		{725E4961-E336-410B-9C5E-F054A453F141}.Debug|Any CPU.Build.0 = Debug|Any CPU
		{725E4961-E336-410B-9C5E-F054A453F141}.Release|Any CPU.ActiveCfg = Release|Any CPU
		{725E4961-E336-410B-9C5E-F054A453F141}.Release|Any CPU.Build.0 = Release|Any CPU
		{40F973BB-28E2-426C-85D1-7E29E30969D7}.Debug|Any CPU.ActiveCfg = Debug|Any CPU
		{40F973BB-28E2-426C-85D1-7E29E30969D7}.Debug|Any CPU.Build.0 = Debug|Any CPU
		{40F973BB-28E2-426C-85D1-7E29E30969D7}.Release|Any CPU.ActiveCfg = Release|Any CPU
		{40F973BB-28E2-426C-85D1-7E29E30969D7}.Release|Any CPU.Build.0 = Release|Any CPU
		{FDA769D2-B73C-46D9-9316-6E71EECE87E3}.Debug|Any CPU.ActiveCfg = Debug|Any CPU
		{FDA769D2-B73C-46D9-9316-6E71EECE87E3}.Debug|Any CPU.Build.0 = Debug|Any CPU
		{FDA769D2-B73C-46D9-9316-6E71EECE87E3}.Release|Any CPU.ActiveCfg = Release|Any CPU
		{FDA769D2-B73C-46D9-9316-6E71EECE87E3}.Release|Any CPU.Build.0 = Release|Any CPU
		{17C47FDA-7F58-4472-8B68-CE06EC5411B0}.Debug|Any CPU.ActiveCfg = Debug|Any CPU
		{17C47FDA-7F58-4472-8B68-CE06EC5411B0}.Debug|Any CPU.Build.0 = Debug|Any CPU
		{17C47FDA-7F58-4472-8B68-CE06EC5411B0}.Release|Any CPU.ActiveCfg = Release|Any CPU
		{17C47FDA-7F58-4472-8B68-CE06EC5411B0}.Release|Any CPU.Build.0 = Release|Any CPU
		{7A6DDF6E-88AB-4271-BC20-D4EE346A275E}.Debug|Any CPU.ActiveCfg = Debug|Any CPU
		{7A6DDF6E-88AB-4271-BC20-D4EE346A275E}.Debug|Any CPU.Build.0 = Debug|Any CPU
		{7A6DDF6E-88AB-4271-BC20-D4EE346A275E}.Release|Any CPU.ActiveCfg = Release|Any CPU
		{7A6DDF6E-88AB-4271-BC20-D4EE346A275E}.Release|Any CPU.Build.0 = Release|Any CPU
		{99B10CBD-D706-48F3-A036-269E8B715D9E}.Debug|Any CPU.ActiveCfg = Debug|Any CPU
		{99B10CBD-D706-48F3-A036-269E8B715D9E}.Debug|Any CPU.Build.0 = Debug|Any CPU
		{99B10CBD-D706-48F3-A036-269E8B715D9E}.Release|Any CPU.ActiveCfg = Release|Any CPU
		{99B10CBD-D706-48F3-A036-269E8B715D9E}.Release|Any CPU.Build.0 = Release|Any CPU
		{D2333EF2-2F46-4E5A-BEF3-C0EB9FA60A41}.Debug|Any CPU.ActiveCfg = Debug|Any CPU
		{D2333EF2-2F46-4E5A-BEF3-C0EB9FA60A41}.Debug|Any CPU.Build.0 = Debug|Any CPU
		{D2333EF2-2F46-4E5A-BEF3-C0EB9FA60A41}.Release|Any CPU.ActiveCfg = Release|Any CPU
		{D2333EF2-2F46-4E5A-BEF3-C0EB9FA60A41}.Release|Any CPU.Build.0 = Release|Any CPU
	EndGlobalSection
	GlobalSection(SolutionProperties) = preSolution
		HideSolutionNode = FALSE
	EndGlobalSection
	GlobalSection(NestedProjects) = preSolution
		{EE239F70-F13C-4E1C-8265-CE9D1B28D0DB} = {BFEB48D8-5D25-4680-8FB3-B1BDB41C4DC5}
		{10C48351-748A-48A9-848B-0068FC6092EF} = {6D044C1B-4340-4E0C-A244-C8462BB33225}
		{BDF98133-F0BE-461C-9C60-16818ABAE6DB} = {E2765FEF-14D7-4454-9BCF-3B6F231E19AA}
		{E3D4B88A-1FA0-49F5-B825-E125211A9DD0} = {02DCCB1A-FE4A-4C5A-96F6-0FF6C4068002}
		{E4478C13-2860-4BDF-8B00-8AA5515B38CF} = {E3D4B88A-1FA0-49F5-B825-E125211A9DD0}
		{9F3D5F82-7FCA-4583-927C-6AE1AD8D8424} = {E3D4B88A-1FA0-49F5-B825-E125211A9DD0}
		{8B45510F-0CAA-49B9-8F6D-3A406063B89E} = {E3D4B88A-1FA0-49F5-B825-E125211A9DD0}
		{BEF85B86-F929-4944-BDFD-3C51D6640419} = {E3D4B88A-1FA0-49F5-B825-E125211A9DD0}
		{65060E7D-083A-4C88-8AB8-EA7AB35AB78F} = {8B45510F-0CAA-49B9-8F6D-3A406063B89E}
		{725E4961-E336-410B-9C5E-F054A453F141} = {BEF85B86-F929-4944-BDFD-3C51D6640419}
		{40F973BB-28E2-426C-85D1-7E29E30969D7} = {9F3D5F82-7FCA-4583-927C-6AE1AD8D8424}
		{FDA769D2-B73C-46D9-9316-6E71EECE87E3} = {E4478C13-2860-4BDF-8B00-8AA5515B38CF}
		{5B443E3A-A08B-4B1F-80BF-2AF12B232BF2} = {02DCCB1A-FE4A-4C5A-96F6-0FF6C4068002}
		{1246E2BE-C88E-456E-8A06-DF94B2FFA395} = {5B443E3A-A08B-4B1F-80BF-2AF12B232BF2}
		{ED0F5707-5D2C-4217-9B6B-71EB65541EF8} = {5B443E3A-A08B-4B1F-80BF-2AF12B232BF2}
		{3E4E47BD-14E8-4685-95C1-7DE97D55A18D} = {5B443E3A-A08B-4B1F-80BF-2AF12B232BF2}
		{C81089AD-6479-4FD6-9FB6-2F80E2D504EB} = {5B443E3A-A08B-4B1F-80BF-2AF12B232BF2}
		{17C47FDA-7F58-4472-8B68-CE06EC5411B0} = {1246E2BE-C88E-456E-8A06-DF94B2FFA395}
		{7A6DDF6E-88AB-4271-BC20-D4EE346A275E} = {ED0F5707-5D2C-4217-9B6B-71EB65541EF8}
		{99B10CBD-D706-48F3-A036-269E8B715D9E} = {3E4E47BD-14E8-4685-95C1-7DE97D55A18D}
		{D2333EF2-2F46-4E5A-BEF3-C0EB9FA60A41} = {C81089AD-6479-4FD6-9FB6-2F80E2D504EB}
	EndGlobalSection
	GlobalSection(ExtensibilityGlobals) = postSolution
		SolutionGuid = {95AA1EF6-39B4-4943-83D4-EBB115499F17}
	EndGlobalSection
EndGlobal
